<?xml version="1.0" encoding="utf-8"?>
<Project ToolsVersion="4.0" xmlns="http://schemas.microsoft.com/developer/msbuild/2003">
  <ItemGroup>
    <ClCompile Include="BackGround.cpp" />
    <ClCompile Include="Bucket.cpp" />
    <ClCompile Include="Game.cpp" />
    <ClCompile Include="GameCamera.cpp" />
    <ClCompile Include="GameOver.cpp" />
    <ClCompile Include="main.cpp" />
    <ClCompile Include="Player.cpp" />
    <ClCompile Include="Result.cpp" />
    <ClCompile Include="stdafx.cpp" />
    <ClCompile Include="system\system.cpp" />
    <ClCompile Include="Test.cpp" />
    <ClCompile Include="Title.cpp" />
    <ClCompile Include="Towel.cpp" />
    <ClCompile Include="Bear.cpp" />
    <ClCompile Include="EnemyBase.cpp" />
    <ClCompile Include="EnemySpawn.cpp" />
    <ClCompile Include="StartWaveCollision.cpp" />
    <ClCompile Include="UI.cpp" />
    <ClCompile Include="WildBoar.cpp" />
    <ClCompile Include="BackGround\Stage.cpp" />
    <ClCompile Include="BackGround\MapObject\Tree.cpp" />
    <ClCompile Include="BackGround\MapObject\BushBig.cpp" />
    <ClCompile Include="BackGround\MapObject\BushSmall.cpp" />
    <ClCompile Include="BackGround\ObjectBase.cpp" />
    <ClCompile Include="BackGround\MapObject\GroundBattle.cpp" />
    <ClCompile Include="BackGround\MapObject\GroundBossBattle.cpp" />
    <ClCompile Include="BackGround\MapObject\GroundGool.cpp" />
    <ClCompile Include="BackGround\MapObject\GroundStart.cpp" />
    <ClCompile Include="BackGround\HitObject\HitBoxBattle.cpp" />
    <ClCompile Include="BackGround\HitObject\HitBoxBossBattle.cpp" />
    <ClCompile Include="BackGround\HitObject\HitBoxGool.cpp" />
    <ClCompile Include="BackGround\HitObject\HitBoxStart.cpp" />
    <ClCompile Include="BackGround\HitObjectBase.cpp" />
    <ClCompile Include="SnakeEnemy.cpp" />
    <ClCompile Include="EnemyHPBar.cpp" />
    <ClCompile Include="SoundEffect.cpp" />
    <ClCompile Include="GameClear.cpp" />
    <ClCompile Include="Smoke.cpp" />
    <ClCompile Include="SmokeEmitter.cpp" />
    <ClCompile Include="SnakeEnemy.cpp" />
    <ClCompile Include="Enemy\EnemyBase.cpp" />
    <ClCompile Include="Enemy\State\IState.cpp" />
    <ClCompile Include="Enemy\PoisonSnake\PoisonSnake.cpp" />
    <ClCompile Include="Enemy\PoisonSnake\PoisonBall.cpp" />
    <ClCompile Include="EnemyManager.cpp" />
    <ClCompile Include="EnemySpawner.cpp" />
    <ClCompile Include="BackGround\HitObject\HItBoxFence.cpp" />
    <ClCompile Include="BackGround\MapObject\Fence.cpp" />
    <ClCompile Include="FenceManager.cpp" />
    <ClCompile Include="SceneManager.cpp" />
    <ClCompile Include="SnakeEnemy.cpp" />
    <ClCompile Include="Enemy\State\IState.cpp" />
    <ClCompile Include="Enemy\State\PoisonSnakeState.cpp" />
    <ClCompile Include="Enemy\IEnemy.cpp" />
    <ClCompile Include="BackGround\HitObject\InOutHitBox.cpp" />
    <ClCompile Include="BackGround\MapObject\HotSpring.cpp" />
    <ClCompile Include="BackGround\StageManager.cpp" />
  </ItemGroup>
  <ItemGroup>
    <ClInclude Include="BackGround.h" />
    <ClInclude Include="Bucket.h" />
    <ClInclude Include="Game.h" />
    <ClInclude Include="GameCamera.h" />
    <ClInclude Include="GameOver.h" />
    <ClInclude Include="Player.h" />
    <ClInclude Include="Result.h" />
    <ClInclude Include="stdafx.h" />
    <ClInclude Include="system\system.h" />
    <ClInclude Include="Test.h" />
    <ClInclude Include="Title.h" />
    <ClInclude Include="Towel.h" />
    <ClInclude Include="EnemyBase.h" />
    <ClInclude Include="EnemySpawn.h" />
    <ClInclude Include="StartWaveCollision.h" />
    <ClInclude Include="Bear.h" />
    <ClInclude Include="EnemyBase.h" />
    <ClInclude Include="SnakeEnemy.h" />
    <ClInclude Include="BackGround\MapObject\GroundBattle.h" />
    <ClInclude Include="BackGround\MapObject\Tree.h" />
    <ClInclude Include="BackGround\MapObject\GroundBossBattle.h" />
    <ClInclude Include="BackGround\MapObject\BushBig.h" />
    <ClInclude Include="BackGround\MapObject\BushSmall.h" />
    <ClInclude Include="EnemyHPBar.h" />
    <ClInclude Include="EnemyManager.h" />
    <ClInclude Include="Enemy\EnemyBase.h" />
    <ClInclude Include="Enemy\State\IState.h" />
    <ClInclude Include="Enemy\State\Util\CRC32.h" />
    <ClInclude Include="BackGround\ObjectBase.h" />
    <ClInclude Include="BackGround\MapObject\GroundGool.h" />
    <ClInclude Include="BackGround\HitObject\HitBoxBattle.h" />
    <ClInclude Include="BackGround\HitObject\HitBoxBossBattle.h" />
    <ClInclude Include="BackGround\HitObject\HitBoxGool.h" />
    <ClInclude Include="BackGround\HitObject\HitBoxStart.h" />
    <ClInclude Include="BackGround\HitObjectBase.h" />
    <ClInclude Include="GameClear.h" />
    <ClInclude Include="Smoke.h" />
    <ClInclude Include="SmokeEmitter.h" />
    <ClInclude Include="Enemy\PoisonSnake\PoisonSnake.h" />
    <ClInclude Include="Enemy\PoisonSnake\PoisonBall.h" />
    <ClInclude Include="BackGround\Stage.h" />
    <ClInclude Include="BackGround\MapObject\GroundStart.h" />
    <ClInclude Include="UI.h" />
    <ClInclude Include="WildBoar.h" />
    <ClInclude Include="SoundEffect.h" />
    <ClInclude Include="GameClear.h" />
    <ClInclude Include="EnemySpawner.h" />
    <ClInclude Include="BackGround\HitObject\HItBoxFence.h" />
    <ClInclude Include="BackGround\MapObject\Fence.h" />
    <ClInclude Include="FenceManager.h" />
    <ClInclude Include="SceneManager.h" />
    <ClInclude Include="Enemy\State\PoisonSnakeState.h" />
    <ClInclude Include="Enemy\IEnemy.h" />
    <ClInclude Include="BackGround\HitObject\InOutHitBox.h" />
    <ClInclude Include="BackGround\MapObject\HotSpring.h" />
    <ClInclude Include="BackGround\StageObject.h" />
    <ClInclude Include="BackGround\StageManager.h" />
  </ItemGroup>
</Project>